// !$*UTF8*$!
{
	archiveVersion = 1;
	classes = {
	};
	objectVersion = 46;
	objects = {

/* Begin PBXBuildFile section */
		6B6897111B98B2CA00C5069E /* AppDelegate.swift in Sources */ = {isa = PBXBuildFile; fileRef = 6B6897101B98B2CA00C5069E /* AppDelegate.swift */; };
		6B6897151B98B2CA00C5069E /* GameScene.swift in Sources */ = {isa = PBXBuildFile; fileRef = 6B6897141B98B2CA00C5069E /* GameScene.swift */; };
		6B6897171B98B2CA00C5069E /* GameViewController.swift in Sources */ = {isa = PBXBuildFile; fileRef = 6B6897161B98B2CA00C5069E /* GameViewController.swift */; };
		6B68971A1B98B2CA00C5069E /* Main.storyboard in Resources */ = {isa = PBXBuildFile; fileRef = 6B6897181B98B2CA00C5069E /* Main.storyboard */; };
		6B68971C1B98B2CA00C5069E /* Images.xcassets in Resources */ = {isa = PBXBuildFile; fileRef = 6B68971B1B98B2CA00C5069E /* Images.xcassets */; };
		6B68971F1B98B2CA00C5069E /* LaunchScreen.xib in Resources */ = {isa = PBXBuildFile; fileRef = 6B68971D1B98B2CA00C5069E /* LaunchScreen.xib */; };
		6B68972B1B98B2CA00C5069E /* Keepy_UppyTests.swift in Sources */ = {isa = PBXBuildFile; fileRef = 6B68972A1B98B2CA00C5069E /* Keepy_UppyTests.swift */; };
		6B6897351B98B4D300C5069E /* Beach Background.jpg in Resources */ = {isa = PBXBuildFile; fileRef = 6B6897341B98B4D300C5069E /* Beach Background.jpg */; };
		6B6897411B98B62800C5069E /* drop.mp3 in Resources */ = {isa = PBXBuildFile; fileRef = 6B68973C1B98B62800C5069E /* drop.mp3 */; };
		6B6897421B98B62800C5069E /* gameover.mp3 in Resources */ = {isa = PBXBuildFile; fileRef = 6B68973D1B98B62800C5069E /* gameover.mp3 */; };
		6B6897461B98B6D100C5069E /* hit.mp3 in Resources */ = {isa = PBXBuildFile; fileRef = 6B6897451B98B6D100C5069E /* hit.mp3 */; };
		6B6897481B98B96000C5069E /* theme.mp3 in Resources */ = {isa = PBXBuildFile; fileRef = 6B6897471B98B96000C5069E /* theme.mp3 */; };
		6B68974A1B98BA5700C5069E /* Basketball.jpg in Resources */ = {isa = PBXBuildFile; fileRef = 6B6897491B98BA5700C5069E /* Basketball.jpg */; };
		6B68974C1B98BA6000C5069E /* Beach Ball.jpg in Resources */ = {isa = PBXBuildFile; fileRef = 6B68974B1B98BA6000C5069E /* Beach Ball.jpg */; };
		6B68974E1B98BA6700C5069E /* Bowling Ball.jpg in Resources */ = {isa = PBXBuildFile; fileRef = 6B68974D1B98BA6700C5069E /* Bowling Ball.jpg */; };
		6B6897501B98BEAB00C5069E /* Forest Background.png in Resources */ = {isa = PBXBuildFile; fileRef = 6B68974F1B98BEAB00C5069E /* Forest Background.png */; };
		6B6897541B98BF5A00C5069E /* Desert Background.jpg in Resources */ = {isa = PBXBuildFile; fileRef = 6B6897531B98BF5A00C5069E /* Desert Background.jpg */; };
		6B6897561B98C41C00C5069E /* Load Screen.jpg in Resources */ = {isa = PBXBuildFile; fileRef = 6B6897551B98C41C00C5069E /* Load Screen.jpg */; };
		6B6897B01B994BAD00C5069E /* Basketball.swift in Sources */ = {isa = PBXBuildFile; fileRef = 6B6897AF1B994BAD00C5069E /* Basketball.swift */; };
		6B6897B21B994BC200C5069E /* Beach Ball.swift in Sources */ = {isa = PBXBuildFile; fileRef = 6B6897B11B994BC200C5069E /* Beach Ball.swift */; };
		6B6897B41B994BCF00C5069E /* Bowling Ball.swift in Sources */ = {isa = PBXBuildFile; fileRef = 6B6897B31B994BCF00C5069E /* Bowling Ball.swift */; };
		6B6897B61B994BF700C5069E /* Ball.swift in Sources */ = {isa = PBXBuildFile; fileRef = 6B6897B51B994BF700C5069E /* Ball.swift */; };
/* End PBXBuildFile section */

/* Begin PBXContainerItemProxy section */
		6B6897251B98B2CA00C5069E /* PBXContainerItemProxy */ = {
			isa = PBXContainerItemProxy;
			containerPortal = 6B6897031B98B2CA00C5069E /* Project object */;
			proxyType = 1;
			remoteGlobalIDString = 6B68970A1B98B2CA00C5069E;
			remoteInfo = "Keepy Uppy";
		};
/* End PBXContainerItemProxy section */

/* Begin PBXFileReference section */
		6B68970B1B98B2CA00C5069E /* Keepy Uppy.app */ = {isa = PBXFileReference; explicitFileType = wrapper.application; includeInIndex = 0; path = "Keepy Uppy.app"; sourceTree = BUILT_PRODUCTS_DIR; };
		6B68970F1B98B2CA00C5069E /* Info.plist */ = {isa = PBXFileReference; lastKnownFileType = text.plist.xml; path = Info.plist; sourceTree = "<group>"; };
		6B6897101B98B2CA00C5069E /* AppDelegate.swift */ = {isa = PBXFileReference; lastKnownFileType = sourcecode.swift; path = AppDelegate.swift; sourceTree = "<group>"; };
		6B6897141B98B2CA00C5069E /* GameScene.swift */ = {isa = PBXFileReference; lastKnownFileType = sourcecode.swift; path = GameScene.swift; sourceTree = "<group>"; };
		6B6897161B98B2CA00C5069E /* GameViewController.swift */ = {isa = PBXFileReference; lastKnownFileType = sourcecode.swift; path = GameViewController.swift; sourceTree = "<group>"; };
		6B6897191B98B2CA00C5069E /* Base */ = {isa = PBXFileReference; lastKnownFileType = file.storyboard; name = Base; path = Base.lproj/Main.storyboard; sourceTree = "<group>"; };
		6B68971B1B98B2CA00C5069E /* Images.xcassets */ = {isa = PBXFileReference; lastKnownFileType = folder.assetcatalog; path = Images.xcassets; sourceTree = "<group>"; };
		6B68971E1B98B2CA00C5069E /* Base */ = {isa = PBXFileReference; lastKnownFileType = file.xib; name = Base; path = Base.lproj/LaunchScreen.xib; sourceTree = "<group>"; };
		6B6897241B98B2CA00C5069E /* Keepy UppyTests.xctest */ = {isa = PBXFileReference; explicitFileType = wrapper.cfbundle; includeInIndex = 0; path = "Keepy UppyTests.xctest"; sourceTree = BUILT_PRODUCTS_DIR; };
		6B6897291B98B2CA00C5069E /* Info.plist */ = {isa = PBXFileReference; lastKnownFileType = text.plist.xml; path = Info.plist; sourceTree = "<group>"; };
		6B68972A1B98B2CA00C5069E /* Keepy_UppyTests.swift */ = {isa = PBXFileReference; lastKnownFileType = sourcecode.swift; path = Keepy_UppyTests.swift; sourceTree = "<group>"; };
		6B6897341B98B4D300C5069E /* Beach Background.jpg */ = {isa = PBXFileReference; lastKnownFileType = image.jpeg; path = "Beach Background.jpg"; sourceTree = "<group>"; };
		6B68973C1B98B62800C5069E /* drop.mp3 */ = {isa = PBXFileReference; lastKnownFileType = audio.mp3; path = drop.mp3; sourceTree = "<group>"; };
		6B68973D1B98B62800C5069E /* gameover.mp3 */ = {isa = PBXFileReference; lastKnownFileType = audio.mp3; path = gameover.mp3; sourceTree = "<group>"; };
		6B6897451B98B6D100C5069E /* hit.mp3 */ = {isa = PBXFileReference; lastKnownFileType = audio.mp3; path = hit.mp3; sourceTree = "<group>"; };
		6B6897471B98B96000C5069E /* theme.mp3 */ = {isa = PBXFileReference; lastKnownFileType = audio.mp3; path = theme.mp3; sourceTree = "<group>"; };
		6B6897491B98BA5700C5069E /* Basketball.jpg */ = {isa = PBXFileReference; lastKnownFileType = image.jpeg; path = Basketball.jpg; sourceTree = "<group>"; };
		6B68974B1B98BA6000C5069E /* Beach Ball.jpg */ = {isa = PBXFileReference; lastKnownFileType = image.jpeg; path = "Beach Ball.jpg"; sourceTree = "<group>"; };
		6B68974D1B98BA6700C5069E /* Bowling Ball.jpg */ = {isa = PBXFileReference; lastKnownFileType = image.jpeg; path = "Bowling Ball.jpg"; sourceTree = "<group>"; };
		6B68974F1B98BEAB00C5069E /* Forest Background.png */ = {isa = PBXFileReference; lastKnownFileType = image.png; path = "Forest Background.png"; sourceTree = "<group>"; };
		6B6897531B98BF5A00C5069E /* Desert Background.jpg */ = {isa = PBXFileReference; lastKnownFileType = image.jpeg; path = "Desert Background.jpg"; sourceTree = "<group>"; };
		6B6897551B98C41C00C5069E /* Load Screen.jpg */ = {isa = PBXFileReference; lastKnownFileType = image.jpeg; path = "Load Screen.jpg"; sourceTree = "<group>"; };
		6B6897AF1B994BAD00C5069E /* Basketball.swift */ = {isa = PBXFileReference; fileEncoding = 4; lastKnownFileType = sourcecode.swift; path = Basketball.swift; sourceTree = "<group>"; };
		6B6897B11B994BC200C5069E /* Beach Ball.swift */ = {isa = PBXFileReference; fileEncoding = 4; lastKnownFileType = sourcecode.swift; path = "Beach Ball.swift"; sourceTree = "<group>"; };
		6B6897B31B994BCF00C5069E /* Bowling Ball.swift */ = {isa = PBXFileReference; fileEncoding = 4; lastKnownFileType = sourcecode.swift; path = "Bowling Ball.swift"; sourceTree = "<group>"; };
		6B6897B51B994BF700C5069E /* Ball.swift */ = {isa = PBXFileReference; fileEncoding = 4; lastKnownFileType = sourcecode.swift; path = Ball.swift; sourceTree = "<group>"; };
/* End PBXFileReference section */

/* Begin PBXFrameworksBuildPhase section */
		6B6897081B98B2CA00C5069E /* Frameworks */ = {
			isa = PBXFrameworksBuildPhase;
			buildActionMask = 2147483647;
			files = (
			);
			runOnlyForDeploymentPostprocessing = 0;
		};
		6B6897211B98B2CA00C5069E /* Frameworks */ = {
			isa = PBXFrameworksBuildPhase;
			buildActionMask = 2147483647;
			files = (
			);
			runOnlyForDeploymentPostprocessing = 0;
		};
/* End PBXFrameworksBuildPhase section */

/* Begin PBXGroup section */
		6B6897021B98B2CA00C5069E = {
			isa = PBXGroup;
			children = (
				6B68970D1B98B2CA00C5069E /* Keepy Uppy */,
				6B6897271B98B2CA00C5069E /* Keepy UppyTests */,
				6B68970C1B98B2CA00C5069E /* Products */,
			);
			sourceTree = "<group>";
		};
		6B68970C1B98B2CA00C5069E /* Products */ = {
			isa = PBXGroup;
			children = (
				6B68970B1B98B2CA00C5069E /* Keepy Uppy.app */,
				6B6897241B98B2CA00C5069E /* Keepy UppyTests.xctest */,
			);
			name = Products;
			sourceTree = "<group>";
		};
		6B68970D1B98B2CA00C5069E /* Keepy Uppy */ = {
			isa = PBXGroup;
			children = (
				6B6897101B98B2CA00C5069E /* AppDelegate.swift */,
				6B6897B51B994BF700C5069E /* Ball.swift */,
				6B6897AF1B994BAD00C5069E /* Basketball.swift */,
				6B6897B11B994BC200C5069E /* Beach Ball.swift */,
				6B6897B31B994BCF00C5069E /* Bowling Ball.swift */,
				6B6897141B98B2CA00C5069E /* GameScene.swift */,
				6B6897161B98B2CA00C5069E /* GameViewController.swift */,
				6B6897181B98B2CA00C5069E /* Main.storyboard */,
				6B68971B1B98B2CA00C5069E /* Images.xcassets */,
				6B68971D1B98B2CA00C5069E /* LaunchScreen.xib */,
				6B68970E1B98B2CA00C5069E /* Supporting Files */,
				6B68973A1B98B62800C5069E /* Sounds */,
			);
			path = "Keepy Uppy";
			sourceTree = "<group>";
		};
		6B68970E1B98B2CA00C5069E /* Supporting Files */ = {
			isa = PBXGroup;
			children = (
				6B6897491B98BA5700C5069E /* Basketball.jpg */,
				6B6897341B98B4D300C5069E /* Beach Background.jpg */,
				6B68974B1B98BA6000C5069E /* Beach Ball.jpg */,
				6B68974D1B98BA6700C5069E /* Bowling Ball.jpg */,
				6B6897531B98BF5A00C5069E /* Desert Background.jpg */,
				6B68974F1B98BEAB00C5069E /* Forest Background.png */,
				6B6897551B98C41C00C5069E /* Load Screen.jpg */,
				6B68970F1B98B2CA00C5069E /* Info.plist */,
			);
			name = "Supporting Files";
			sourceTree = "<group>";
		};
		6B6897271B98B2CA00C5069E /* Keepy UppyTests */ = {
			isa = PBXGroup;
			children = (
				6B68972A1B98B2CA00C5069E /* Keepy_UppyTests.swift */,
				6B6897281B98B2CA00C5069E /* Supporting Files */,
			);
			path = "Keepy UppyTests";
			sourceTree = "<group>";
		};
		6B6897281B98B2CA00C5069E /* Supporting Files */ = {
			isa = PBXGroup;
			children = (
				6B6897291B98B2CA00C5069E /* Info.plist */,
			);
			name = "Supporting Files";
			sourceTree = "<group>";
		};
		6B68973A1B98B62800C5069E /* Sounds */ = {
			isa = PBXGroup;
			children = (
				6B68973C1B98B62800C5069E /* drop.mp3 */,
				6B68973D1B98B62800C5069E /* gameover.mp3 */,
				6B6897451B98B6D100C5069E /* hit.mp3 */,
				6B6897471B98B96000C5069E /* theme.mp3 */,
			);
			path = Sounds;
			sourceTree = "<group>";
		};
/* End PBXGroup section */

/* Begin PBXNativeTarget section */
		6B68970A1B98B2CA00C5069E /* Keepy Uppy */ = {
			isa = PBXNativeTarget;
			buildConfigurationList = 6B68972E1B98B2CA00C5069E /* Build configuration list for PBXNativeTarget "Keepy Uppy" */;
			buildPhases = (
				6B6897071B98B2CA00C5069E /* Sources */,
				6B6897081B98B2CA00C5069E /* Frameworks */,
				6B6897091B98B2CA00C5069E /* Resources */,
			);
			buildRules = (
			);
			dependencies = (
			);
			name = "Keepy Uppy";
			productName = "Keepy Uppy";
			productReference = 6B68970B1B98B2CA00C5069E /* Keepy Uppy.app */;
			productType = "com.apple.product-type.application";
		};
		6B6897231B98B2CA00C5069E /* Keepy UppyTests */ = {
			isa = PBXNativeTarget;
			buildConfigurationList = 6B6897311B98B2CA00C5069E /* Build configuration list for PBXNativeTarget "Keepy UppyTests" */;
			buildPhases = (
				6B6897201B98B2CA00C5069E /* Sources */,
				6B6897211B98B2CA00C5069E /* Frameworks */,
				6B6897221B98B2CA00C5069E /* Resources */,
			);
			buildRules = (
			);
			dependencies = (
				6B6897261B98B2CA00C5069E /* PBXTargetDependency */,
			);
			name = "Keepy UppyTests";
			productName = "Keepy UppyTests";
			productReference = 6B6897241B98B2CA00C5069E /* Keepy UppyTests.xctest */;
			productType = "com.apple.product-type.bundle.unit-test";
		};
/* End PBXNativeTarget section */

/* Begin PBXProject section */
		6B6897031B98B2CA00C5069E /* Project object */ = {
			isa = PBXProject;
			attributes = {
				LastUpgradeCheck = 0640;
				ORGANIZATIONNAME = "Matthew Allen Lin";
				TargetAttributes = {
					6B68970A1B98B2CA00C5069E = {
						CreatedOnToolsVersion = 6.4;
					};
					6B6897231B98B2CA00C5069E = {
						CreatedOnToolsVersion = 6.4;
						TestTargetID = 6B68970A1B98B2CA00C5069E;
					};
				};
			};
			buildConfigurationList = 6B6897061B98B2CA00C5069E /* Build configuration list for PBXProject "Keepy Uppy" */;
			compatibilityVersion = "Xcode 3.2";
			developmentRegion = English;
			hasScannedForEncodings = 0;
			knownRegions = (
				en,
				Base,
			);
			mainGroup = 6B6897021B98B2CA00C5069E;
			productRefGroup = 6B68970C1B98B2CA00C5069E /* Products */;
			projectDirPath = "";
			projectRoot = "";
			targets = (
				6B68970A1B98B2CA00C5069E /* Keepy Uppy */,
				6B6897231B98B2CA00C5069E /* Keepy UppyTests */,
			);
		};
/* End PBXProject section */

/* Begin PBXResourcesBuildPhase section */
		6B6897091B98B2CA00C5069E /* Resources */ = {
			isa = PBXResourcesBuildPhase;
			buildActionMask = 2147483647;
			files = (
				6B68971F1B98B2CA00C5069E /* LaunchScreen.xib in Resources */,
				6B6897461B98B6D100C5069E /* hit.mp3 in Resources */,
				6B6897541B98BF5A00C5069E /* Desert Background.jpg in Resources */,
				6B68974E1B98BA6700C5069E /* Bowling Ball.jpg in Resources */,
				6B6897501B98BEAB00C5069E /* Forest Background.png in Resources */,
				6B68971C1B98B2CA00C5069E /* Images.xcassets in Resources */,
				6B68974C1B98BA6000C5069E /* Beach Ball.jpg in Resources */,
				6B6897481B98B96000C5069E /* theme.mp3 in Resources */,
				6B6897351B98B4D300C5069E /* Beach Background.jpg in Resources */,
				6B68974A1B98BA5700C5069E /* Basketball.jpg in Resources */,
				6B6897411B98B62800C5069E /* drop.mp3 in Resources */,
				6B68971A1B98B2CA00C5069E /* Main.storyboard in Resources */,
				6B6897561B98C41C00C5069E /* Load Screen.jpg in Resources */,
				6B6897421B98B62800C5069E /* gameover.mp3 in Resources */,
			);
			runOnlyForDeploymentPostprocessing = 0;
		};
		6B6897221B98B2CA00C5069E /* Resources */ = {
			isa = PBXResourcesBuildPhase;
			buildActionMask = 2147483647;
			files = (
			);
			runOnlyForDeploymentPostprocessing = 0;
		};
/* End PBXResourcesBuildPhase section */

/* Begin PBXSourcesBuildPhase section */
		6B6897071B98B2CA00C5069E /* Sources */ = {
			isa = PBXSourcesBuildPhase;
			buildActionMask = 2147483647;
			files = (
				6B6897B21B994BC200C5069E /* Beach Ball.swift in Sources */,
				6B6897B01B994BAD00C5069E /* Basketball.swift in Sources */,
				6B6897151B98B2CA00C5069E /* GameScene.swift in Sources */,
				6B6897171B98B2CA00C5069E /* GameViewController.swift in Sources */,
				6B6897B41B994BCF00C5069E /* Bowling Ball.swift in Sources */,
				6B6897B61B994BF700C5069E /* Ball.swift in Sources */,
				6B6897111B98B2CA00C5069E /* AppDelegate.swift in Sources */,
			);
			runOnlyForDeploymentPostprocessing = 0;
		};
		6B6897201B98B2CA00C5069E /* Sources */ = {
			isa = PBXSourcesBuildPhase;
			buildActionMask = 2147483647;
			files = (
				6B68972B1B98B2CA00C5069E /* Keepy_UppyTests.swift in Sources */,
			);
			runOnlyForDeploymentPostprocessing = 0;
		};
/* End PBXSourcesBuildPhase section */

/* Begin PBXTargetDependency section */
		6B6897261B98B2CA00C5069E /* PBXTargetDependency */ = {
			isa = PBXTargetDependency;
			target = 6B68970A1B98B2CA00C5069E /* Keepy Uppy */;
			targetProxy = 6B6897251B98B2CA00C5069E /* PBXContainerItemProxy */;
		};
/* End PBXTargetDependency section */

/* Begin PBXVariantGroup section */
		6B6897181B98B2CA00C5069E /* Main.storyboard */ = {
			isa = PBXVariantGroup;
			children = (
				6B6897191B98B2CA00C5069E /* Base */,
			);
			name = Main.storyboard;
			sourceTree = "<group>";
		};
		6B68971D1B98B2CA00C5069E /* LaunchScreen.xib */ = {
			isa = PBXVariantGroup;
			children = (
				6B68971E1B98B2CA00C5069E /* Base */,
			);
			name = LaunchScreen.xib;
			sourceTree = "<group>";
		};
/* End PBXVariantGroup section */

/* Begin XCBuildConfiguration section */
		6B68972C1B98B2CA00C5069E /* Debug */ = {
			isa = XCBuildConfiguration;
			buildSettings = {
				ALWAYS_SEARCH_USER_PATHS = NO;
				CLANG_CXX_LANGUAGE_STANDARD = "gnu++0x";
				CLANG_CXX_LIBRARY = "libc++";
				CLANG_ENABLE_MODULES = YES;
				CLANG_ENABLE_OBJC_ARC = YES;
				CLANG_WARN_BOOL_CONVERSION = YES;
				CLANG_WARN_CONSTANT_CONVERSION = YES;
				CLANG_WARN_DIRECT_OBJC_ISA_USAGE = YES_ERROR;
				CLANG_WARN_EMPTY_BODY = YES;
				CLANG_WARN_ENUM_CONVERSION = YES;
				CLANG_WARN_INT_CONVERSION = YES;
				CLANG_WARN_OBJC_ROOT_CLASS = YES_ERROR;
				CLANG_WARN_UNREACHABLE_CODE = YES;
				CLANG_WARN__DUPLICATE_METHOD_MATCH = YES;
				"CODE_SIGN_IDENTITY[sdk=iphoneos*]" = "iPhone Developer";
				COPY_PHASE_STRIP = NO;
				DEBUG_INFORMATION_FORMAT = "dwarf-with-dsym";
				ENABLE_STRICT_OBJC_MSGSEND = YES;
				GCC_C_LANGUAGE_STANDARD = gnu99;
				GCC_DYNAMIC_NO_PIC = NO;
				GCC_NO_COMMON_BLOCKS = YES;
				GCC_OPTIMIZATION_LEVEL = 0;
				GCC_PREPROCESSOR_DEFINITIONS = (
					"DEBUG=1",
					"$(inherited)",
				);
				GCC_SYMBOLS_PRIVATE_EXTERN = NO;
				GCC_WARN_64_TO_32_BIT_CONVERSION = YES;
				GCC_WARN_ABOUT_RETURN_TYPE = YES_ERROR;
				GCC_WARN_UNDECLARED_SELECTOR = YES;
				GCC_WARN_UNINITIALIZED_AUTOS = YES_AGGRESSIVE;
				GCC_WARN_UNUSED_FUNCTION = YES;
				GCC_WARN_UNUSED_VARIABLE = YES;
				IPHONEOS_DEPLOYMENT_TARGET = 8.4;
				MTL_ENABLE_DEBUG_INFO = YES;
				ONLY_ACTIVE_ARCH = YES;
				SDKROOT = iphoneos;
				SWIFT_OPTIMIZATION_LEVEL = "-Onone";
			};
			name = Debug;
		};
		6B68972D1B98B2CA00C5069E /* Release */ = {
			isa = XCBuildConfiguration;
			buildSettings = {
				ALWAYS_SEARCH_USER_PATHS = NO;
				CLANG_CXX_LANGUAGE_STANDARD = "gnu++0x";
				CLANG_CXX_LIBRARY = "libc++";
				CLANG_ENABLE_MODULES = YES;
				CLANG_ENABLE_OBJC_ARC = YES;
				CLANG_WARN_BOOL_CONVERSION = YES;
				CLANG_WARN_CONSTANT_CONVERSION = YES;
				CLANG_WARN_DIRECT_OBJC_ISA_USAGE = YES_ERROR;
				CLANG_WARN_EMPTY_BODY = YES;
				CLANG_WARN_ENUM_CONVERSION = YES;
				CLANG_WARN_INT_CONVERSION = YES;
				CLANG_WARN_OBJC_ROOT_CLASS = YES_ERROR;
				CLANG_WARN_UNREACHABLE_CODE = YES;
				CLANG_WARN__DUPLICATE_METHOD_MATCH = YES;
				"CODE_SIGN_IDENTITY[sdk=iphoneos*]" = "iPhone Developer";
				COPY_PHASE_STRIP = NO;
				DEBUG_INFORMATION_FORMAT = "dwarf-with-dsym";
				ENABLE_NS_ASSERTIONS = NO;
				ENABLE_STRICT_OBJC_MSGSEND = YES;
				GCC_C_LANGUAGE_STANDARD = gnu99;
				GCC_NO_COMMON_BLOCKS = YES;
				GCC_WARN_64_TO_32_BIT_CONVERSION = YES;
				GCC_WARN_ABOUT_RETURN_TYPE = YES_ERROR;
				GCC_WARN_UNDECLARED_SELECTOR = YES;
				GCC_WARN_UNINITIALIZED_AUTOS = YES_AGGRESSIVE;
				GCC_WARN_UNUSED_FUNCTION = YES;
				GCC_WARN_UNUSED_VARIABLE = YES;
				IPHONEOS_DEPLOYMENT_TARGET = 8.4;
				MTL_ENABLE_DEBUG_INFO = NO;
				SDKROOT = iphoneos;
				VALIDATE_PRODUCT = YES;
			};
			name = Release;
		};
		6B68972F1B98B2CA00C5069E /* Debug */ = {
			isa = XCBuildConfiguration;
			buildSettings = {
				ASSETCATALOG_COMPILER_APPICON_NAME = AppIcon;
				INFOPLIST_FILE = "Keepy Uppy/Info.plist";
				LD_RUNPATH_SEARCH_PATHS = "$(inherited) @executable_path/Frameworks";
				PRODUCT_NAME = "$(TARGET_NAME)";
			};
			name = Debug;
		};
		6B6897301B98B2CA00C5069E /* Release */ = {
			isa = XCBuildConfiguration;
			buildSettings = {
				ASSETCATALOG_COMPILER_APPICON_NAME = AppIcon;
				INFOPLIST_FILE = "Keepy Uppy/Info.plist";
				LD_RUNPATH_SEARCH_PATHS = "$(inherited) @executable_path/Frameworks";
				PRODUCT_NAME = "$(TARGET_NAME)";
			};
			name = Release;
		};
		6B6897321B98B2CA00C5069E /* Debug */ = {
			isa = XCBuildConfiguration;
			buildSettings = {
				BUNDLE_LOADER = "$(TEST_HOST)";
				FRAMEWORK_SEARCH_PATHS = (
					"$(SDKROOT)/Developer/Library/Frameworks",
					"$(inherited)",
				);
				GCC_PREPROCESSOR_DEFINITIONS = (
					"DEBUG=1",
					"$(inherited)",
				);
				INFOPLIST_FILE = "Keepy UppyTests/Info.plist";
				LD_RUNPATH_SEARCH_PATHS = "$(inherited) @executable_path/Frameworks @loader_path/Frameworks";
				PRODUCT_NAME = "$(TARGET_NAME)";
				TEST_HOST = "$(BUILT_PRODUCTS_DIR)/Keepy Uppy.app/Keepy Uppy";
			};
			name = Debug;
		};
		6B6897331B98B2CA00C5069E /* Release */ = {
			isa = XCBuildConfiguration;
			buildSettings = {
				BUNDLE_LOADER = "$(TEST_HOST)";
				FRAMEWORK_SEARCH_PATHS = (
					"$(SDKROOT)/Developer/Library/Frameworks",
					"$(inherited)",
				);
				INFOPLIST_FILE = "Keepy UppyTests/Info.plist";
				LD_RUNPATH_SEARCH_PATHS = "$(inherited) @executable_path/Frameworks @loader_path/Frameworks";
				PRODUCT_NAME = "$(TARGET_NAME)";
				TEST_HOST = "$(BUILT_PRODUCTS_DIR)/Keepy Uppy.app/Keepy Uppy";
			};
			name = Release;
		};
/* End XCBuildConfiguration section */

/* Begin XCConfigurationList section */
		6B6897061B98B2CA00C5069E /* Build configuration list for PBXProject "Keepy Uppy" */ = {
			isa = XCConfigurationList;
			buildConfigurations = (
				6B68972C1B98B2CA00C5069E /* Debug */,
				6B68972D1B98B2CA00C5069E /* Release */,
			);
			defaultConfigurationIsVisible = 0;
			defaultConfigurationName = Release;
		};
		6B68972E1B98B2CA00C5069E /* Build configuration list for PBXNativeTarget "Keepy Uppy" */ = {
			isa = XCConfigurationList;
			buildConfigurations = (
				6B68972F1B98B2CA00C5069E /* Debug */,
				6B6897301B98B2CA00C5069E /* Release */,
			);
			defaultConfigurationIsVisible = 0;
		};
		6B6897311B98B2CA00C5069E /* Build configuration list for PBXNativeTarget "Keepy UppyTests" */ = {
			isa = XCConfigurationList;
			buildConfigurations = (
				6B6897321B98B2CA00C5069E /* Debug */,
				6B6897331B98B2CA00C5069E /* Release */,
			);
			defaultConfigurationIsVisible = 0;
		};
/* End XCConfigurationList section */
	};
	rootObject = 6B6897031B98B2CA00C5069E /* Project object */;
}
