// !$*UTF8*$!
{
	archiveVersion = 1;
	classes = {
	};
	objectVersion = 46;
	objects = {

/* Begin PBXBuildFile section */
		6B0E5DD71B9FF31000866FE8 /* GetBallType.swift in Sources */ = {isa = PBXBuildFile; fileRef = 6B0E5DD61B9FF31000866FE8 /* GetBallType.swift */; };
		6B0E5DDB1B9FF5D000866FE8 /* GetBackgroundType.swift in Sources */ = {isa = PBXBuildFile; fileRef = 6B0E5DDA1B9FF5D000866FE8 /* GetBackgroundType.swift */; };
		6B5D0E061BA0A4810052AC3C /* GameScene.sks in Resources */ = {isa = PBXBuildFile; fileRef = 6B5D0E051BA0A4810052AC3C /* GameScene.sks */; };
		6B6897111B98B2CA00C5069E /* AppDelegate.swift in Sources */ = {isa = PBXBuildFile; fileRef = 6B6897101B98B2CA00C5069E /* AppDelegate.swift */; };
		6B6897151B98B2CA00C5069E /* GameScene.swift in Sources */ = {isa = PBXBuildFile; fileRef = 6B6897141B98B2CA00C5069E /* GameScene.swift */; };
		6B6897171B98B2CA00C5069E /* GameViewController.swift in Sources */ = {isa = PBXBuildFile; fileRef = 6B6897161B98B2CA00C5069E /* GameViewController.swift */; };
		6B68971A1B98B2CA00C5069E /* Main.storyboard in Resources */ = {isa = PBXBuildFile; fileRef = 6B6897181B98B2CA00C5069E /* Main.storyboard */; };
		6B68971C1B98B2CA00C5069E /* Images.xcassets in Resources */ = {isa = PBXBuildFile; fileRef = 6B68971B1B98B2CA00C5069E /* Images.xcassets */; };
		6B68971F1B98B2CA00C5069E /* LaunchScreen.xib in Resources */ = {isa = PBXBuildFile; fileRef = 6B68971D1B98B2CA00C5069E /* LaunchScreen.xib */; };
		6B68972B1B98B2CA00C5069E /* Keepy_UppyTests.swift in Sources */ = {isa = PBXBuildFile; fileRef = 6B68972A1B98B2CA00C5069E /* Keepy_UppyTests.swift */; };
		6B6897421B98B62800C5069E /* gameover.mp3 in Resources */ = {isa = PBXBuildFile; fileRef = 6B68973D1B98B62800C5069E /* gameover.mp3 */; };
		6B6897461B98B6D100C5069E /* hit.mp3 in Resources */ = {isa = PBXBuildFile; fileRef = 6B6897451B98B6D100C5069E /* hit.mp3 */; };
		6B6897481B98B96000C5069E /* start.mp3 in Resources */ = {isa = PBXBuildFile; fileRef = 6B6897471B98B96000C5069E /* start.mp3 */; };
		6B6897B61B994BF700C5069E /* Ball.swift in Sources */ = {isa = PBXBuildFile; fileRef = 6B6897B51B994BF700C5069E /* Ball.swift */; };
		6B6897BE1B9970DD00C5069E /* ChooseBall.swift in Sources */ = {isa = PBXBuildFile; fileRef = 6B6897BD1B9970DD00C5069E /* ChooseBall.swift */; };
		6B6897C01B9970E500C5069E /* ChooseBackground.swift in Sources */ = {isa = PBXBuildFile; fileRef = 6B6897BF1B9970E500C5069E /* ChooseBackground.swift */; };
		6B8B55561BA80A100091CAC0 /* scorepoints.mp3 in Resources */ = {isa = PBXBuildFile; fileRef = 6B8B55551BA80A100091CAC0 /* scorepoints.mp3 */; };
		6B8B55581BA80B9C0091CAC0 /* RulesPage.swift in Sources */ = {isa = PBXBuildFile; fileRef = 6B8B55571BA80B9C0091CAC0 /* RulesPage.swift */; };
		6B8B55B81BA9ED3F0091CAC0 /* Icon-29.png in Resources */ = {isa = PBXBuildFile; fileRef = 6B8B55AA1BA9ED3F0091CAC0 /* Icon-29.png */; };
		6B8B55B91BA9ED3F0091CAC0 /* Icon-29@2x.png in Resources */ = {isa = PBXBuildFile; fileRef = 6B8B55AB1BA9ED3F0091CAC0 /* Icon-29@2x.png */; };
		6B8B55BA1BA9ED3F0091CAC0 /* Icon-29@3x.png in Resources */ = {isa = PBXBuildFile; fileRef = 6B8B55AC1BA9ED3F0091CAC0 /* Icon-29@3x.png */; };
		6B8B55BB1BA9ED3F0091CAC0 /* Icon-40.png in Resources */ = {isa = PBXBuildFile; fileRef = 6B8B55AD1BA9ED3F0091CAC0 /* Icon-40.png */; };
		6B8B55BC1BA9ED3F0091CAC0 /* Icon-40@2x.png in Resources */ = {isa = PBXBuildFile; fileRef = 6B8B55AE1BA9ED3F0091CAC0 /* Icon-40@2x.png */; };
		6B8B55BD1BA9ED3F0091CAC0 /* Icon-40@3x.png in Resources */ = {isa = PBXBuildFile; fileRef = 6B8B55AF1BA9ED3F0091CAC0 /* Icon-40@3x.png */; };
		6B8B55BE1BA9ED3F0091CAC0 /* Icon-60.png in Resources */ = {isa = PBXBuildFile; fileRef = 6B8B55B01BA9ED3F0091CAC0 /* Icon-60.png */; };
		6B8B55BF1BA9ED3F0091CAC0 /* Icon-60@2x.png in Resources */ = {isa = PBXBuildFile; fileRef = 6B8B55B11BA9ED3F0091CAC0 /* Icon-60@2x.png */; };
		6B8B55C01BA9ED3F0091CAC0 /* Icon-60@3x.png in Resources */ = {isa = PBXBuildFile; fileRef = 6B8B55B21BA9ED3F0091CAC0 /* Icon-60@3x.png */; };
		6B8B55C11BA9ED3F0091CAC0 /* Icon-76.png in Resources */ = {isa = PBXBuildFile; fileRef = 6B8B55B31BA9ED3F0091CAC0 /* Icon-76.png */; };
		6B8B55C21BA9ED3F0091CAC0 /* Icon-76@2x.png in Resources */ = {isa = PBXBuildFile; fileRef = 6B8B55B41BA9ED3F0091CAC0 /* Icon-76@2x.png */; };
		6B8B55C31BA9ED3F0091CAC0 /* Icon-76@3x.png in Resources */ = {isa = PBXBuildFile; fileRef = 6B8B55B51BA9ED3F0091CAC0 /* Icon-76@3x.png */; };
		6B8B55C41BA9ED3F0091CAC0 /* iTunesArtwork-512.png in Resources */ = {isa = PBXBuildFile; fileRef = 6B8B55B61BA9ED3F0091CAC0 /* iTunesArtwork-512.png */; };
		6B8B55C51BA9ED3F0091CAC0 /* iTunesArtwork-512@2x.png in Resources */ = {isa = PBXBuildFile; fileRef = 6B8B55B71BA9ED3F0091CAC0 /* iTunesArtwork-512@2x.png */; };
		6B94375C1B9C0F080049AA91 /* PlayStartSong.swift in Sources */ = {isa = PBXBuildFile; fileRef = 6B94375B1B9C0F080049AA91 /* PlayStartSong.swift */; };
		6B94375E1B9C1A090049AA91 /* TitlePage.swift in Sources */ = {isa = PBXBuildFile; fileRef = 6B94375D1B9C1A090049AA91 /* TitlePage.swift */; };
		6BD2D3971B9D5BF20052FBA7 /* UIImage+animatedGIF.m in Sources */ = {isa = PBXBuildFile; fileRef = 6BD2D3961B9D5BF20052FBA7 /* UIImage+animatedGIF.m */; };
		6BD797EA1B9FC2280055D558 /* Background.swift in Sources */ = {isa = PBXBuildFile; fileRef = 6BD797E91B9FC2280055D558 /* Background.swift */; };
		6BD8A76C1BA4FB2F00A240CE /* PlayGameplaySong.swift in Sources */ = {isa = PBXBuildFile; fileRef = 6BD8A76B1BA4FB2F00A240CE /* PlayGameplaySong.swift */; };
		6BD8E0651B9EB5710010E257 /* gameplay.mp3 in Resources */ = {isa = PBXBuildFile; fileRef = 6BD8E0641B9EB5710010E257 /* gameplay.mp3 */; };
		6BD927AE1BAB5B900039E0E3 /* Bowling Ball.png in Resources */ = {isa = PBXBuildFile; fileRef = 6BD927A41BAB5B900039E0E3 /* Bowling Ball.png */; };
		6BD927AF1BAB5B900039E0E3 /* Choose Background.jpg in Resources */ = {isa = PBXBuildFile; fileRef = 6BD927A51BAB5B900039E0E3 /* Choose Background.jpg */; };
		6BD927B01BAB5B900039E0E3 /* Choose Ball.jpg in Resources */ = {isa = PBXBuildFile; fileRef = 6BD927A61BAB5B900039E0E3 /* Choose Ball.jpg */; };
		6BD927B11BAB5B900039E0E3 /* Desert.jpg in Resources */ = {isa = PBXBuildFile; fileRef = 6BD927A71BAB5B900039E0E3 /* Desert.jpg */; };
		6BEF28421BAB5EED00DB93ED /* Bouncing Ball.gif in Resources */ = {isa = PBXBuildFile; fileRef = 6BEF28411BAB5EED00DB93ED /* Bouncing Ball.gif */; };
		6BEF28441BAB5FFE00DB93ED /* Basketball.png in Resources */ = {isa = PBXBuildFile; fileRef = 6BEF28431BAB5FFE00DB93ED /* Basketball.png */; };
		6BEF284A1BAB63DD00DB93ED /* Beach Ball.png in Resources */ = {isa = PBXBuildFile; fileRef = 6BEF28491BAB63DD00DB93ED /* Beach Ball.png */; };
		6BEF284E1BAB658D00DB93ED /* Forest.jpg in Resources */ = {isa = PBXBuildFile; fileRef = 6BEF284D1BAB658D00DB93ED /* Forest.jpg */; };
		6BEF28541BAB679500DB93ED /* Beach.jpg in Resources */ = {isa = PBXBuildFile; fileRef = 6BEF28531BAB679500DB93ED /* Beach.jpg */; };
		6BEF28581BAB761900DB93ED /* Back Arrow.png in Resources */ = {isa = PBXBuildFile; fileRef = 6BEF28571BAB761900DB93ED /* Back Arrow.png */; };
		6BEF285A1BAB782C00DB93ED /* Rules.jpg in Resources */ = {isa = PBXBuildFile; fileRef = 6BEF28591BAB782C00DB93ED /* Rules.jpg */; };
		6BEF285E1BABAD6000DB93ED /* gameover-2.0.mp3 in Resources */ = {isa = PBXBuildFile; fileRef = 6BEF285D1BABAD6000DB93ED /* gameover-2.0.mp3 */; };
		6BEF28601BABB01A00DB93ED /* start-2.0.mp3 in Resources */ = {isa = PBXBuildFile; fileRef = 6BEF285F1BABB01A00DB93ED /* start-2.0.mp3 */; };
		6BEF28621BABB01F00DB93ED /* gameplay-2.0.mp3 in Resources */ = {isa = PBXBuildFile; fileRef = 6BEF28611BABB01F00DB93ED /* gameplay-2.0.mp3 */; };
		6BEF28641BABB14A00DB93ED /* scorepoints-2.0.mp3 in Resources */ = {isa = PBXBuildFile; fileRef = 6BEF28631BABB14A00DB93ED /* scorepoints-2.0.mp3 */; };
		6BFB98BA1BBAF34D00E23CDA /* Gameplay.swift in Sources */ = {isa = PBXBuildFile; fileRef = 6BFB98B91BBAF34D00E23CDA /* Gameplay.swift */; };
/* End PBXBuildFile section */

/* Begin PBXContainerItemProxy section */
		6B6897251B98B2CA00C5069E /* PBXContainerItemProxy */ = {
			isa = PBXContainerItemProxy;
			containerPortal = 6B6897031B98B2CA00C5069E /* Project object */;
			proxyType = 1;
			remoteGlobalIDString = 6B68970A1B98B2CA00C5069E;
			remoteInfo = "Keepy Uppy";
		};
/* End PBXContainerItemProxy section */

/* Begin PBXFileReference section */
		6B0E5DD61B9FF31000866FE8 /* GetBallType.swift */ = {isa = PBXFileReference; fileEncoding = 4; lastKnownFileType = sourcecode.swift; path = GetBallType.swift; sourceTree = "<group>"; };
		6B0E5DDA1B9FF5D000866FE8 /* GetBackgroundType.swift */ = {isa = PBXFileReference; fileEncoding = 4; lastKnownFileType = sourcecode.swift; path = GetBackgroundType.swift; sourceTree = "<group>"; };
		6B5D0E051BA0A4810052AC3C /* GameScene.sks */ = {isa = PBXFileReference; lastKnownFileType = file.sks; path = GameScene.sks; sourceTree = "<group>"; };
		6B68970B1B98B2CA00C5069E /* Keepy Uppy.app */ = {isa = PBXFileReference; explicitFileType = wrapper.application; includeInIndex = 0; path = "Keepy Uppy.app"; sourceTree = BUILT_PRODUCTS_DIR; };
		6B68970F1B98B2CA00C5069E /* Info.plist */ = {isa = PBXFileReference; lastKnownFileType = text.plist.xml; path = Info.plist; sourceTree = "<group>"; };
		6B6897101B98B2CA00C5069E /* AppDelegate.swift */ = {isa = PBXFileReference; lastKnownFileType = sourcecode.swift; path = AppDelegate.swift; sourceTree = "<group>"; };
		6B6897141B98B2CA00C5069E /* GameScene.swift */ = {isa = PBXFileReference; lastKnownFileType = sourcecode.swift; path = GameScene.swift; sourceTree = "<group>"; };
		6B6897161B98B2CA00C5069E /* GameViewController.swift */ = {isa = PBXFileReference; lastKnownFileType = sourcecode.swift; path = GameViewController.swift; sourceTree = "<group>"; };
		6B6897191B98B2CA00C5069E /* Base */ = {isa = PBXFileReference; lastKnownFileType = file.storyboard; name = Base; path = Base.lproj/Main.storyboard; sourceTree = "<group>"; };
		6B68971B1B98B2CA00C5069E /* Images.xcassets */ = {isa = PBXFileReference; lastKnownFileType = folder.assetcatalog; path = Images.xcassets; sourceTree = "<group>"; };
		6B68971E1B98B2CA00C5069E /* Base */ = {isa = PBXFileReference; lastKnownFileType = file.xib; name = Base; path = Base.lproj/LaunchScreen.xib; sourceTree = "<group>"; };
		6B6897241B98B2CA00C5069E /* Keepy UppyTests.xctest */ = {isa = PBXFileReference; explicitFileType = wrapper.cfbundle; includeInIndex = 0; path = "Keepy UppyTests.xctest"; sourceTree = BUILT_PRODUCTS_DIR; };
		6B6897291B98B2CA00C5069E /* Info.plist */ = {isa = PBXFileReference; lastKnownFileType = text.plist.xml; path = Info.plist; sourceTree = "<group>"; };
		6B68972A1B98B2CA00C5069E /* Keepy_UppyTests.swift */ = {isa = PBXFileReference; lastKnownFileType = sourcecode.swift; path = Keepy_UppyTests.swift; sourceTree = "<group>"; };
		6B68973D1B98B62800C5069E /* gameover.mp3 */ = {isa = PBXFileReference; lastKnownFileType = audio.mp3; path = gameover.mp3; sourceTree = "<group>"; };
		6B6897451B98B6D100C5069E /* hit.mp3 */ = {isa = PBXFileReference; lastKnownFileType = audio.mp3; path = hit.mp3; sourceTree = "<group>"; };
		6B6897471B98B96000C5069E /* start.mp3 */ = {isa = PBXFileReference; lastKnownFileType = audio.mp3; path = start.mp3; sourceTree = "<group>"; };
		6B6897B51B994BF700C5069E /* Ball.swift */ = {isa = PBXFileReference; fileEncoding = 4; lastKnownFileType = sourcecode.swift; path = Ball.swift; sourceTree = "<group>"; };
		6B6897BD1B9970DD00C5069E /* ChooseBall.swift */ = {isa = PBXFileReference; fileEncoding = 4; lastKnownFileType = sourcecode.swift; path = ChooseBall.swift; sourceTree = "<group>"; };
		6B6897BF1B9970E500C5069E /* ChooseBackground.swift */ = {isa = PBXFileReference; fileEncoding = 4; lastKnownFileType = sourcecode.swift; path = ChooseBackground.swift; sourceTree = "<group>"; };
		6B8B55551BA80A100091CAC0 /* scorepoints.mp3 */ = {isa = PBXFileReference; lastKnownFileType = audio.mp3; path = scorepoints.mp3; sourceTree = "<group>"; };
		6B8B55571BA80B9C0091CAC0 /* RulesPage.swift */ = {isa = PBXFileReference; fileEncoding = 4; lastKnownFileType = sourcecode.swift; path = RulesPage.swift; sourceTree = "<group>"; };
		6B8B55AA1BA9ED3F0091CAC0 /* Icon-29.png */ = {isa = PBXFileReference; lastKnownFileType = image.png; path = "Icon-29.png"; sourceTree = "<group>"; };
		6B8B55AB1BA9ED3F0091CAC0 /* Icon-29@2x.png */ = {isa = PBXFileReference; lastKnownFileType = image.png; path = "Icon-29@2x.png"; sourceTree = "<group>"; };
		6B8B55AC1BA9ED3F0091CAC0 /* Icon-29@3x.png */ = {isa = PBXFileReference; lastKnownFileType = image.png; path = "Icon-29@3x.png"; sourceTree = "<group>"; };
		6B8B55AD1BA9ED3F0091CAC0 /* Icon-40.png */ = {isa = PBXFileReference; lastKnownFileType = image.png; path = "Icon-40.png"; sourceTree = "<group>"; };
		6B8B55AE1BA9ED3F0091CAC0 /* Icon-40@2x.png */ = {isa = PBXFileReference; lastKnownFileType = image.png; path = "Icon-40@2x.png"; sourceTree = "<group>"; };
		6B8B55AF1BA9ED3F0091CAC0 /* Icon-40@3x.png */ = {isa = PBXFileReference; lastKnownFileType = image.png; path = "Icon-40@3x.png"; sourceTree = "<group>"; };
		6B8B55B01BA9ED3F0091CAC0 /* Icon-60.png */ = {isa = PBXFileReference; lastKnownFileType = image.png; path = "Icon-60.png"; sourceTree = "<group>"; };
		6B8B55B11BA9ED3F0091CAC0 /* Icon-60@2x.png */ = {isa = PBXFileReference; lastKnownFileType = image.png; path = "Icon-60@2x.png"; sourceTree = "<group>"; };
		6B8B55B21BA9ED3F0091CAC0 /* Icon-60@3x.png */ = {isa = PBXFileReference; lastKnownFileType = image.png; path = "Icon-60@3x.png"; sourceTree = "<group>"; };
		6B8B55B31BA9ED3F0091CAC0 /* Icon-76.png */ = {isa = PBXFileReference; lastKnownFileType = image.png; path = "Icon-76.png"; sourceTree = "<group>"; };
		6B8B55B41BA9ED3F0091CAC0 /* Icon-76@2x.png */ = {isa = PBXFileReference; lastKnownFileType = image.png; path = "Icon-76@2x.png"; sourceTree = "<group>"; };
		6B8B55B51BA9ED3F0091CAC0 /* Icon-76@3x.png */ = {isa = PBXFileReference; lastKnownFileType = image.png; path = "Icon-76@3x.png"; sourceTree = "<group>"; };
		6B8B55B61BA9ED3F0091CAC0 /* iTunesArtwork-512.png */ = {isa = PBXFileReference; lastKnownFileType = image.png; path = "iTunesArtwork-512.png"; sourceTree = "<group>"; };
		6B8B55B71BA9ED3F0091CAC0 /* iTunesArtwork-512@2x.png */ = {isa = PBXFileReference; lastKnownFileType = image.png; path = "iTunesArtwork-512@2x.png"; sourceTree = "<group>"; };
		6B94375B1B9C0F080049AA91 /* PlayStartSong.swift */ = {isa = PBXFileReference; fileEncoding = 4; lastKnownFileType = sourcecode.swift; path = PlayStartSong.swift; sourceTree = "<group>"; };
		6B94375D1B9C1A090049AA91 /* TitlePage.swift */ = {isa = PBXFileReference; fileEncoding = 4; lastKnownFileType = sourcecode.swift; path = TitlePage.swift; sourceTree = "<group>"; };
		6BD2D3941B9D5BF10052FBA7 /* Keepy Uppy-Bridging-Header.h */ = {isa = PBXFileReference; lastKnownFileType = sourcecode.c.h; path = "Keepy Uppy-Bridging-Header.h"; sourceTree = "<group>"; };
		6BD2D3951B9D5BF20052FBA7 /* UIImage+animatedGIF.h */ = {isa = PBXFileReference; fileEncoding = 4; lastKnownFileType = sourcecode.c.h; path = "UIImage+animatedGIF.h"; sourceTree = "<group>"; };
		6BD2D3961B9D5BF20052FBA7 /* UIImage+animatedGIF.m */ = {isa = PBXFileReference; fileEncoding = 4; lastKnownFileType = sourcecode.c.objc; path = "UIImage+animatedGIF.m"; sourceTree = "<group>"; };
		6BD797E91B9FC2280055D558 /* Background.swift */ = {isa = PBXFileReference; fileEncoding = 4; lastKnownFileType = sourcecode.swift; path = Background.swift; sourceTree = "<group>"; };
		6BD8A76B1BA4FB2F00A240CE /* PlayGameplaySong.swift */ = {isa = PBXFileReference; fileEncoding = 4; lastKnownFileType = sourcecode.swift; path = PlayGameplaySong.swift; sourceTree = "<group>"; };
		6BD8E0641B9EB5710010E257 /* gameplay.mp3 */ = {isa = PBXFileReference; lastKnownFileType = audio.mp3; path = gameplay.mp3; sourceTree = "<group>"; };
		6BD927A41BAB5B900039E0E3 /* Bowling Ball.png */ = {isa = PBXFileReference; lastKnownFileType = image.png; name = "Bowling Ball.png"; path = "Keepy Uppy App Icons/Keepy Uppy App Icons 2.0/Free Images/Bowling Ball.png"; sourceTree = "<group>"; };
		6BD927A51BAB5B900039E0E3 /* Choose Background.jpg */ = {isa = PBXFileReference; lastKnownFileType = image.jpeg; name = "Choose Background.jpg"; path = "Keepy Uppy App Icons/Keepy Uppy App Icons 2.0/Free Images/Choose Background.jpg"; sourceTree = "<group>"; };
		6BD927A61BAB5B900039E0E3 /* Choose Ball.jpg */ = {isa = PBXFileReference; lastKnownFileType = image.jpeg; name = "Choose Ball.jpg"; path = "Keepy Uppy App Icons/Keepy Uppy App Icons 2.0/Free Images/Choose Ball.jpg"; sourceTree = "<group>"; };
		6BD927A71BAB5B900039E0E3 /* Desert.jpg */ = {isa = PBXFileReference; lastKnownFileType = image.jpeg; name = Desert.jpg; path = "Keepy Uppy App Icons/Keepy Uppy App Icons 2.0/Free Images/Desert.jpg"; sourceTree = "<group>"; };
		6BEF28411BAB5EED00DB93ED /* Bouncing Ball.gif */ = {isa = PBXFileReference; lastKnownFileType = image.gif; path = "Bouncing Ball.gif"; sourceTree = "<group>"; };
		6BEF28431BAB5FFE00DB93ED /* Basketball.png */ = {isa = PBXFileReference; lastKnownFileType = image.png; path = Basketball.png; sourceTree = "<group>"; };
		6BEF28491BAB63DD00DB93ED /* Beach Ball.png */ = {isa = PBXFileReference; lastKnownFileType = image.png; path = "Beach Ball.png"; sourceTree = "<group>"; };
		6BEF284D1BAB658D00DB93ED /* Forest.jpg */ = {isa = PBXFileReference; lastKnownFileType = image.jpeg; path = Forest.jpg; sourceTree = "<group>"; };
		6BEF28531BAB679500DB93ED /* Beach.jpg */ = {isa = PBXFileReference; lastKnownFileType = image.jpeg; path = Beach.jpg; sourceTree = "<group>"; };
		6BEF28571BAB761900DB93ED /* Back Arrow.png */ = {isa = PBXFileReference; lastKnownFileType = image.png; path = "Back Arrow.png"; sourceTree = "<group>"; };
		6BEF28591BAB782C00DB93ED /* Rules.jpg */ = {isa = PBXFileReference; lastKnownFileType = image.jpeg; path = Rules.jpg; sourceTree = "<group>"; };
		6BEF285D1BABAD6000DB93ED /* gameover-2.0.mp3 */ = {isa = PBXFileReference; lastKnownFileType = audio.mp3; path = "gameover-2.0.mp3"; sourceTree = "<group>"; };
		6BEF285F1BABB01A00DB93ED /* start-2.0.mp3 */ = {isa = PBXFileReference; lastKnownFileType = audio.mp3; path = "start-2.0.mp3"; sourceTree = "<group>"; };
		6BEF28611BABB01F00DB93ED /* gameplay-2.0.mp3 */ = {isa = PBXFileReference; lastKnownFileType = audio.mp3; path = "gameplay-2.0.mp3"; sourceTree = "<group>"; };
		6BEF28631BABB14A00DB93ED /* scorepoints-2.0.mp3 */ = {isa = PBXFileReference; lastKnownFileType = audio.mp3; path = "scorepoints-2.0.mp3"; sourceTree = "<group>"; };
		6BEF286A1BABF5F800DB93ED /* Keepy Uppy.entitlements */ = {isa = PBXFileReference; lastKnownFileType = text.xml; path = "Keepy Uppy.entitlements"; sourceTree = "<group>"; };
		6BFB98B91BBAF34D00E23CDA /* Gameplay.swift */ = {isa = PBXFileReference; fileEncoding = 4; lastKnownFileType = sourcecode.swift; path = Gameplay.swift; sourceTree = "<group>"; };
/* End PBXFileReference section */

/* Begin PBXFrameworksBuildPhase section */
		6B6897081B98B2CA00C5069E /* Frameworks */ = {
			isa = PBXFrameworksBuildPhase;
			buildActionMask = 2147483647;
			files = (
			);
			runOnlyForDeploymentPostprocessing = 0;
		};
		6B6897211B98B2CA00C5069E /* Frameworks */ = {
			isa = PBXFrameworksBuildPhase;
			buildActionMask = 2147483647;
			files = (
			);
			runOnlyForDeploymentPostprocessing = 0;
		};
/* End PBXFrameworksBuildPhase section */

/* Begin PBXGroup section */
		6B6897021B98B2CA00C5069E = {
			isa = PBXGroup;
			children = (
				6B68970D1B98B2CA00C5069E /* Keepy Uppy */,
				6B6897271B98B2CA00C5069E /* Keepy UppyTests */,
				6B68970C1B98B2CA00C5069E /* Products */,
			);
			sourceTree = "<group>";
		};
		6B68970C1B98B2CA00C5069E /* Products */ = {
			isa = PBXGroup;
			children = (
				6B68970B1B98B2CA00C5069E /* Keepy Uppy.app */,
				6B6897241B98B2CA00C5069E /* Keepy UppyTests.xctest */,
			);
			name = Products;
			sourceTree = "<group>";
		};
		6B68970D1B98B2CA00C5069E /* Keepy Uppy */ = {
			isa = PBXGroup;
			children = (
				6BEF286A1BABF5F800DB93ED /* Keepy Uppy.entitlements */,
				6B6897101B98B2CA00C5069E /* AppDelegate.swift */,
				6BFB98BB1BBAF78200E23CDA /* Model */,
				6BFB98BC1BBAF7CD00E23CDA /* Controller */,
				6BFB98BD1BBB08F900E23CDA /* View */,
				6B9C767F1BBB0B3A009803F4 /* Singletons */,
				6BFB98B91BBAF34D00E23CDA /* Gameplay.swift */,
				6BD2D3941B9D5BF10052FBA7 /* Keepy Uppy-Bridging-Header.h */,
				6BD2D3961B9D5BF20052FBA7 /* UIImage+animatedGIF.m */,
				6BD2D3951B9D5BF20052FBA7 /* UIImage+animatedGIF.h */,
				6B6897181B98B2CA00C5069E /* Main.storyboard */,
				6B68971B1B98B2CA00C5069E /* Images.xcassets */,
				6B68971D1B98B2CA00C5069E /* LaunchScreen.xib */,
				6B8B55A91BA9ED3F0091CAC0 /* Keepy Uppy App Icons */,
				6B68970E1B98B2CA00C5069E /* Supporting Files */,
				6B68973A1B98B62800C5069E /* Sounds */,
			);
			path = "Keepy Uppy";
			sourceTree = "<group>";
		};
		6B68970E1B98B2CA00C5069E /* Supporting Files */ = {
			isa = PBXGroup;
			children = (
				6BEF28571BAB761900DB93ED /* Back Arrow.png */,
				6BEF28431BAB5FFE00DB93ED /* Basketball.png */,
				6BEF28491BAB63DD00DB93ED /* Beach Ball.png */,
				6BEF28531BAB679500DB93ED /* Beach.jpg */,
				6BEF28411BAB5EED00DB93ED /* Bouncing Ball.gif */,
				6BD927A41BAB5B900039E0E3 /* Bowling Ball.png */,
				6BD927A51BAB5B900039E0E3 /* Choose Background.jpg */,
				6BD927A61BAB5B900039E0E3 /* Choose Ball.jpg */,
				6BD927A71BAB5B900039E0E3 /* Desert.jpg */,
				6BEF284D1BAB658D00DB93ED /* Forest.jpg */,
				6BEF28591BAB782C00DB93ED /* Rules.jpg */,
				6B68970F1B98B2CA00C5069E /* Info.plist */,
			);
			name = "Supporting Files";
			sourceTree = "<group>";
		};
		6B6897271B98B2CA00C5069E /* Keepy UppyTests */ = {
			isa = PBXGroup;
			children = (
				6B68972A1B98B2CA00C5069E /* Keepy_UppyTests.swift */,
				6B6897281B98B2CA00C5069E /* Supporting Files */,
			);
			path = "Keepy UppyTests";
			sourceTree = "<group>";
		};
		6B6897281B98B2CA00C5069E /* Supporting Files */ = {
			isa = PBXGroup;
			children = (
				6B6897291B98B2CA00C5069E /* Info.plist */,
			);
			name = "Supporting Files";
			sourceTree = "<group>";
		};
		6B68973A1B98B62800C5069E /* Sounds */ = {
			isa = PBXGroup;
			children = (
				6B68973D1B98B62800C5069E /* gameover.mp3 */,
				6BEF285D1BABAD6000DB93ED /* gameover-2.0.mp3 */,
				6BD8E0641B9EB5710010E257 /* gameplay.mp3 */,
				6BEF28611BABB01F00DB93ED /* gameplay-2.0.mp3 */,
				6B6897451B98B6D100C5069E /* hit.mp3 */,
				6B8B55551BA80A100091CAC0 /* scorepoints.mp3 */,
				6BEF28631BABB14A00DB93ED /* scorepoints-2.0.mp3 */,
				6B6897471B98B96000C5069E /* start.mp3 */,
				6BEF285F1BABB01A00DB93ED /* start-2.0.mp3 */,
			);
			path = Sounds;
			sourceTree = "<group>";
		};
		6B8B55A91BA9ED3F0091CAC0 /* Keepy Uppy App Icons */ = {
			isa = PBXGroup;
			children = (
				6B8B55AA1BA9ED3F0091CAC0 /* Icon-29.png */,
				6B8B55AB1BA9ED3F0091CAC0 /* Icon-29@2x.png */,
				6B8B55AC1BA9ED3F0091CAC0 /* Icon-29@3x.png */,
				6B8B55AD1BA9ED3F0091CAC0 /* Icon-40.png */,
				6B8B55AE1BA9ED3F0091CAC0 /* Icon-40@2x.png */,
				6B8B55AF1BA9ED3F0091CAC0 /* Icon-40@3x.png */,
				6B8B55B01BA9ED3F0091CAC0 /* Icon-60.png */,
				6B8B55B11BA9ED3F0091CAC0 /* Icon-60@2x.png */,
				6B8B55B21BA9ED3F0091CAC0 /* Icon-60@3x.png */,
				6B8B55B31BA9ED3F0091CAC0 /* Icon-76.png */,
				6B8B55B41BA9ED3F0091CAC0 /* Icon-76@2x.png */,
				6B8B55B51BA9ED3F0091CAC0 /* Icon-76@3x.png */,
				6B8B55B61BA9ED3F0091CAC0 /* iTunesArtwork-512.png */,
				6B8B55B71BA9ED3F0091CAC0 /* iTunesArtwork-512@2x.png */,
			);
			name = "Keepy Uppy App Icons";
			path = "Keepy Uppy App Icons/Keepy Uppy App Icons 2.0";
			sourceTree = "<group>";
		};
		6B9C767F1BBB0B3A009803F4 /* Singletons */ = {
			isa = PBXGroup;
			children = (
				6B0E5DD61B9FF31000866FE8 /* GetBallType.swift */,
				6B0E5DDA1B9FF5D000866FE8 /* GetBackgroundType.swift */,
				6BD8A76B1BA4FB2F00A240CE /* PlayGameplaySong.swift */,
				6B94375B1B9C0F080049AA91 /* PlayStartSong.swift */,
			);
			name = Singletons;
			sourceTree = "<group>";
		};
		6BFB98BB1BBAF78200E23CDA /* Model */ = {
			isa = PBXGroup;
			children = (
				6BD797E91B9FC2280055D558 /* Background.swift */,
				6B6897B51B994BF700C5069E /* Ball.swift */,
			);
			name = Model;
			sourceTree = "<group>";
		};
		6BFB98BC1BBAF7CD00E23CDA /* Controller */ = {
			isa = PBXGroup;
			children = (
				6B6897BD1B9970DD00C5069E /* ChooseBall.swift */,
				6B6897BF1B9970E500C5069E /* ChooseBackground.swift */,
				6B6897161B98B2CA00C5069E /* GameViewController.swift */,
				6B8B55571BA80B9C0091CAC0 /* RulesPage.swift */,
				6B94375D1B9C1A090049AA91 /* TitlePage.swift */,
			);
			name = Controller;
			sourceTree = "<group>";
		};
		6BFB98BD1BBB08F900E23CDA /* View */ = {
			isa = PBXGroup;
			children = (
				6B5D0E051BA0A4810052AC3C /* GameScene.sks */,
				6B6897141B98B2CA00C5069E /* GameScene.swift */,
			);
			name = View;
			sourceTree = "<group>";
		};
/* End PBXGroup section */

/* Begin PBXNativeTarget section */
		6B68970A1B98B2CA00C5069E /* Keepy Uppy */ = {
			isa = PBXNativeTarget;
			buildConfigurationList = 6B68972E1B98B2CA00C5069E /* Build configuration list for PBXNativeTarget "Keepy Uppy" */;
			buildPhases = (
				6B6897071B98B2CA00C5069E /* Sources */,
				6B6897081B98B2CA00C5069E /* Frameworks */,
				6B6897091B98B2CA00C5069E /* Resources */,
			);
			buildRules = (
			);
			dependencies = (
			);
			name = "Keepy Uppy";
			productName = "Keepy Uppy";
			productReference = 6B68970B1B98B2CA00C5069E /* Keepy Uppy.app */;
			productType = "com.apple.product-type.application";
		};
		6B6897231B98B2CA00C5069E /* Keepy UppyTests */ = {
			isa = PBXNativeTarget;
			buildConfigurationList = 6B6897311B98B2CA00C5069E /* Build configuration list for PBXNativeTarget "Keepy UppyTests" */;
			buildPhases = (
				6B6897201B98B2CA00C5069E /* Sources */,
				6B6897211B98B2CA00C5069E /* Frameworks */,
				6B6897221B98B2CA00C5069E /* Resources */,
			);
			buildRules = (
			);
			dependencies = (
				6B6897261B98B2CA00C5069E /* PBXTargetDependency */,
			);
			name = "Keepy UppyTests";
			productName = "Keepy UppyTests";
			productReference = 6B6897241B98B2CA00C5069E /* Keepy UppyTests.xctest */;
			productType = "com.apple.product-type.bundle.unit-test";
		};
/* End PBXNativeTarget section */

/* Begin PBXProject section */
		6B6897031B98B2CA00C5069E /* Project object */ = {
			isa = PBXProject;
			attributes = {
				LastSwiftMigration = 0700;
				LastSwiftUpdateCheck = 0700;
				LastUpgradeCheck = 0700;
				ORGANIZATIONNAME = "Matthew Allen Lin";
				TargetAttributes = {
					6B68970A1B98B2CA00C5069E = {
						CreatedOnToolsVersion = 6.4;
						DevelopmentTeam = 2MALMEWT6X;
						SystemCapabilities = {
							com.apple.GameCenter = {
								enabled = 0;
							};
							com.apple.iCloud = {
								enabled = 0;
							};
						};
					};
					6B6897231B98B2CA00C5069E = {
						CreatedOnToolsVersion = 6.4;
						TestTargetID = 6B68970A1B98B2CA00C5069E;
					};
				};
			};
			buildConfigurationList = 6B6897061B98B2CA00C5069E /* Build configuration list for PBXProject "Keepy Uppy" */;
			compatibilityVersion = "Xcode 3.2";
			developmentRegion = English;
			hasScannedForEncodings = 0;
			knownRegions = (
				en,
				Base,
			);
			mainGroup = 6B6897021B98B2CA00C5069E;
			productRefGroup = 6B68970C1B98B2CA00C5069E /* Products */;
			projectDirPath = "";
			projectRoot = "";
			targets = (
				6B68970A1B98B2CA00C5069E /* Keepy Uppy */,
				6B6897231B98B2CA00C5069E /* Keepy UppyTests */,
			);
		};
/* End PBXProject section */

/* Begin PBXResourcesBuildPhase section */
		6B6897091B98B2CA00C5069E /* Resources */ = {
			isa = PBXResourcesBuildPhase;
			buildActionMask = 2147483647;
			files = (
				6B68971F1B98B2CA00C5069E /* LaunchScreen.xib in Resources */,
				6BD927B01BAB5B900039E0E3 /* Choose Ball.jpg in Resources */,
				6B8B55BE1BA9ED3F0091CAC0 /* Icon-60.png in Resources */,
				6B8B55561BA80A100091CAC0 /* scorepoints.mp3 in Resources */,
				6B6897461B98B6D100C5069E /* hit.mp3 in Resources */,
				6BEF28581BAB761900DB93ED /* Back Arrow.png in Resources */,
				6BD927AE1BAB5B900039E0E3 /* Bowling Ball.png in Resources */,
				6B5D0E061BA0A4810052AC3C /* GameScene.sks in Resources */,
				6B8B55BC1BA9ED3F0091CAC0 /* Icon-40@2x.png in Resources */,
				6B8B55BD1BA9ED3F0091CAC0 /* Icon-40@3x.png in Resources */,
				6BEF284A1BAB63DD00DB93ED /* Beach Ball.png in Resources */,
				6B8B55BA1BA9ED3F0091CAC0 /* Icon-29@3x.png in Resources */,
				6B8B55C11BA9ED3F0091CAC0 /* Icon-76.png in Resources */,
				6BEF285A1BAB782C00DB93ED /* Rules.jpg in Resources */,
				6B8B55C01BA9ED3F0091CAC0 /* Icon-60@3x.png in Resources */,
				6B8B55BF1BA9ED3F0091CAC0 /* Icon-60@2x.png in Resources */,
				6B8B55B81BA9ED3F0091CAC0 /* Icon-29.png in Resources */,
				6BEF28641BABB14A00DB93ED /* scorepoints-2.0.mp3 in Resources */,
				6BEF285E1BABAD6000DB93ED /* gameover-2.0.mp3 in Resources */,
				6BEF28441BAB5FFE00DB93ED /* Basketball.png in Resources */,
				6BEF28601BABB01A00DB93ED /* start-2.0.mp3 in Resources */,
				6B8B55BB1BA9ED3F0091CAC0 /* Icon-40.png in Resources */,
				6B68971C1B98B2CA00C5069E /* Images.xcassets in Resources */,
				6B6897481B98B96000C5069E /* start.mp3 in Resources */,
				6B8B55C51BA9ED3F0091CAC0 /* iTunesArtwork-512@2x.png in Resources */,
				6B8B55C21BA9ED3F0091CAC0 /* Icon-76@2x.png in Resources */,
				6B8B55C31BA9ED3F0091CAC0 /* Icon-76@3x.png in Resources */,
				6BD927AF1BAB5B900039E0E3 /* Choose Background.jpg in Resources */,
				6BEF28421BAB5EED00DB93ED /* Bouncing Ball.gif in Resources */,
				6B8B55B91BA9ED3F0091CAC0 /* Icon-29@2x.png in Resources */,
				6BD8E0651B9EB5710010E257 /* gameplay.mp3 in Resources */,
				6BD927B11BAB5B900039E0E3 /* Desert.jpg in Resources */,
				6BEF284E1BAB658D00DB93ED /* Forest.jpg in Resources */,
				6B68971A1B98B2CA00C5069E /* Main.storyboard in Resources */,
				6B8B55C41BA9ED3F0091CAC0 /* iTunesArtwork-512.png in Resources */,
				6B6897421B98B62800C5069E /* gameover.mp3 in Resources */,
				6BEF28541BAB679500DB93ED /* Beach.jpg in Resources */,
				6BEF28621BABB01F00DB93ED /* gameplay-2.0.mp3 in Resources */,
			);
			runOnlyForDeploymentPostprocessing = 0;
		};
		6B6897221B98B2CA00C5069E /* Resources */ = {
			isa = PBXResourcesBuildPhase;
			buildActionMask = 2147483647;
			files = (
			);
			runOnlyForDeploymentPostprocessing = 0;
		};
/* End PBXResourcesBuildPhase section */

/* Begin PBXSourcesBuildPhase section */
		6B6897071B98B2CA00C5069E /* Sources */ = {
			isa = PBXSourcesBuildPhase;
			buildActionMask = 2147483647;
			files = (
				6BD8A76C1BA4FB2F00A240CE /* PlayGameplaySong.swift in Sources */,
				6B8B55581BA80B9C0091CAC0 /* RulesPage.swift in Sources */,
				6B6897151B98B2CA00C5069E /* GameScene.swift in Sources */,
				6B0E5DDB1B9FF5D000866FE8 /* GetBackgroundType.swift in Sources */,
				6B6897C01B9970E500C5069E /* ChooseBackground.swift in Sources */,
				6B6897171B98B2CA00C5069E /* GameViewController.swift in Sources */,
				6B6897B61B994BF700C5069E /* Ball.swift in Sources */,
				6B0E5DD71B9FF31000866FE8 /* GetBallType.swift in Sources */,
				6B6897111B98B2CA00C5069E /* AppDelegate.swift in Sources */,
				6B6897BE1B9970DD00C5069E /* ChooseBall.swift in Sources */,
				6B94375C1B9C0F080049AA91 /* PlayStartSong.swift in Sources */,
				6B94375E1B9C1A090049AA91 /* TitlePage.swift in Sources */,
				6BD797EA1B9FC2280055D558 /* Background.swift in Sources */,
				6BFB98BA1BBAF34D00E23CDA /* Gameplay.swift in Sources */,
				6BD2D3971B9D5BF20052FBA7 /* UIImage+animatedGIF.m in Sources */,
			);
			runOnlyForDeploymentPostprocessing = 0;
		};
		6B6897201B98B2CA00C5069E /* Sources */ = {
			isa = PBXSourcesBuildPhase;
			buildActionMask = 2147483647;
			files = (
				6B68972B1B98B2CA00C5069E /* Keepy_UppyTests.swift in Sources */,
			);
			runOnlyForDeploymentPostprocessing = 0;
		};
/* End PBXSourcesBuildPhase section */

/* Begin PBXTargetDependency section */
		6B6897261B98B2CA00C5069E /* PBXTargetDependency */ = {
			isa = PBXTargetDependency;
			target = 6B68970A1B98B2CA00C5069E /* Keepy Uppy */;
			targetProxy = 6B6897251B98B2CA00C5069E /* PBXContainerItemProxy */;
		};
/* End PBXTargetDependency section */

/* Begin PBXVariantGroup section */
		6B6897181B98B2CA00C5069E /* Main.storyboard */ = {
			isa = PBXVariantGroup;
			children = (
				6B6897191B98B2CA00C5069E /* Base */,
			);
			name = Main.storyboard;
			sourceTree = "<group>";
		};
		6B68971D1B98B2CA00C5069E /* LaunchScreen.xib */ = {
			isa = PBXVariantGroup;
			children = (
				6B68971E1B98B2CA00C5069E /* Base */,
			);
			name = LaunchScreen.xib;
			sourceTree = "<group>";
		};
/* End PBXVariantGroup section */

/* Begin XCBuildConfiguration section */
		6B68972C1B98B2CA00C5069E /* Debug */ = {
			isa = XCBuildConfiguration;
			buildSettings = {
				ALWAYS_SEARCH_USER_PATHS = NO;
				CLANG_CXX_LANGUAGE_STANDARD = "gnu++0x";
				CLANG_CXX_LIBRARY = "libc++";
				CLANG_ENABLE_MODULES = YES;
				CLANG_ENABLE_OBJC_ARC = YES;
				CLANG_WARN_BOOL_CONVERSION = YES;
				CLANG_WARN_CONSTANT_CONVERSION = YES;
				CLANG_WARN_DIRECT_OBJC_ISA_USAGE = YES_ERROR;
				CLANG_WARN_EMPTY_BODY = YES;
				CLANG_WARN_ENUM_CONVERSION = YES;
				CLANG_WARN_INT_CONVERSION = YES;
				CLANG_WARN_OBJC_ROOT_CLASS = YES_ERROR;
				CLANG_WARN_UNREACHABLE_CODE = YES;
				CLANG_WARN__DUPLICATE_METHOD_MATCH = YES;
				CODE_SIGN_IDENTITY = "iPhone Developer: Matthew Lin (M4S844XPNC)";
				"CODE_SIGN_IDENTITY[sdk=iphoneos*]" = "iPhone Developer: Matthew Lin (M4S844XPNC)";
				COPY_PHASE_STRIP = NO;
				DEBUG_INFORMATION_FORMAT = "dwarf-with-dsym";
				ENABLE_STRICT_OBJC_MSGSEND = YES;
				ENABLE_TESTABILITY = YES;
				GCC_C_LANGUAGE_STANDARD = gnu99;
				GCC_DYNAMIC_NO_PIC = NO;
				GCC_NO_COMMON_BLOCKS = YES;
				GCC_OPTIMIZATION_LEVEL = 0;
				GCC_PREPROCESSOR_DEFINITIONS = (
					"DEBUG=1",
					"$(inherited)",
				);
				GCC_SYMBOLS_PRIVATE_EXTERN = NO;
				GCC_WARN_64_TO_32_BIT_CONVERSION = YES;
				GCC_WARN_ABOUT_RETURN_TYPE = YES_ERROR;
				GCC_WARN_UNDECLARED_SELECTOR = YES;
				GCC_WARN_UNINITIALIZED_AUTOS = YES_AGGRESSIVE;
				GCC_WARN_UNUSED_FUNCTION = YES;
				GCC_WARN_UNUSED_VARIABLE = YES;
				IPHONEOS_DEPLOYMENT_TARGET = 8.0;
				MTL_ENABLE_DEBUG_INFO = YES;
				ONLY_ACTIVE_ARCH = YES;
				PROVISIONING_PROFILE = "";
				SDKROOT = iphoneos;
				SWIFT_OPTIMIZATION_LEVEL = "-Onone";
				SWIFT_VERSION = 2.3;
			};
			name = Debug;
		};
		6B68972D1B98B2CA00C5069E /* Release */ = {
			isa = XCBuildConfiguration;
			buildSettings = {
				ALWAYS_SEARCH_USER_PATHS = NO;
				CLANG_CXX_LANGUAGE_STANDARD = "gnu++0x";
				CLANG_CXX_LIBRARY = "libc++";
				CLANG_ENABLE_MODULES = YES;
				CLANG_ENABLE_OBJC_ARC = YES;
				CLANG_WARN_BOOL_CONVERSION = YES;
				CLANG_WARN_CONSTANT_CONVERSION = YES;
				CLANG_WARN_DIRECT_OBJC_ISA_USAGE = YES_ERROR;
				CLANG_WARN_EMPTY_BODY = YES;
				CLANG_WARN_ENUM_CONVERSION = YES;
				CLANG_WARN_INT_CONVERSION = YES;
				CLANG_WARN_OBJC_ROOT_CLASS = YES_ERROR;
				CLANG_WARN_UNREACHABLE_CODE = YES;
				CLANG_WARN__DUPLICATE_METHOD_MATCH = YES;
				CODE_SIGN_IDENTITY = "iPhone Distribution: Matthew Lin (2MALMEWT6X)";
				"CODE_SIGN_IDENTITY[sdk=iphoneos*]" = "iPhone Distribution: Matthew Lin (2MALMEWT6X)";
				COPY_PHASE_STRIP = NO;
				DEBUG_INFORMATION_FORMAT = "dwarf-with-dsym";
				ENABLE_NS_ASSERTIONS = NO;
				ENABLE_STRICT_OBJC_MSGSEND = YES;
				GCC_C_LANGUAGE_STANDARD = gnu99;
				GCC_NO_COMMON_BLOCKS = YES;
				GCC_WARN_64_TO_32_BIT_CONVERSION = YES;
				GCC_WARN_ABOUT_RETURN_TYPE = YES_ERROR;
				GCC_WARN_UNDECLARED_SELECTOR = YES;
				GCC_WARN_UNINITIALIZED_AUTOS = YES_AGGRESSIVE;
				GCC_WARN_UNUSED_FUNCTION = YES;
				GCC_WARN_UNUSED_VARIABLE = YES;
				IPHONEOS_DEPLOYMENT_TARGET = 8.0;
				MTL_ENABLE_DEBUG_INFO = NO;
				PROVISIONING_PROFILE = "";
				SDKROOT = iphoneos;
				SWIFT_VERSION = 2.3;
				VALIDATE_PRODUCT = YES;
			};
			name = Release;
		};
		6B68972F1B98B2CA00C5069E /* Debug */ = {
			isa = XCBuildConfiguration;
			buildSettings = {
				ASSETCATALOG_COMPILER_APPICON_NAME = AppIcon;
				CLANG_ENABLE_MODULES = YES;
				CODE_SIGN_IDENTITY = "iPhone Developer";
				"CODE_SIGN_IDENTITY[sdk=iphoneos*]" = "iPhone Developer";
				INFOPLIST_FILE = "Keepy Uppy/Info.plist";
				IPHONEOS_DEPLOYMENT_TARGET = 8.0;
				LD_RUNPATH_SEARCH_PATHS = "$(inherited) @executable_path/Frameworks";
				PRODUCT_BUNDLE_IDENTIFIER = com.MatthewAllenLinSoftware.KeepyUppy;
				PRODUCT_NAME = "$(TARGET_NAME)";
				PROVISIONING_PROFILE = "";
				SWIFT_OBJC_BRIDGING_HEADER = "Keepy Uppy/Keepy Uppy-Bridging-Header.h";
				SWIFT_OPTIMIZATION_LEVEL = "-Onone";
				SWIFT_VERSION = 2.3;
				TARGETED_DEVICE_FAMILY = "1,2";
			};
			name = Debug;
		};
		6B6897301B98B2CA00C5069E /* Release */ = {
			isa = XCBuildConfiguration;
			buildSettings = {
				ASSETCATALOG_COMPILER_APPICON_NAME = AppIcon;
				CLANG_ENABLE_MODULES = YES;
				CODE_SIGN_IDENTITY = "iPhone Developer";
				"CODE_SIGN_IDENTITY[sdk=iphoneos*]" = "iPhone Developer";
				INFOPLIST_FILE = "Keepy Uppy/Info.plist";
				IPHONEOS_DEPLOYMENT_TARGET = 8.0;
				LD_RUNPATH_SEARCH_PATHS = "$(inherited) @executable_path/Frameworks";
				PRODUCT_BUNDLE_IDENTIFIER = com.MatthewAllenLinSoftware.KeepyUppy;
				PRODUCT_NAME = "$(TARGET_NAME)";
				PROVISIONING_PROFILE = "";
				SWIFT_OBJC_BRIDGING_HEADER = "Keepy Uppy/Keepy Uppy-Bridging-Header.h";
				SWIFT_VERSION = 2.3;
				TARGETED_DEVICE_FAMILY = "1,2";
			};
			name = Release;
		};
		6B6897321B98B2CA00C5069E /* Debug */ = {
			isa = XCBuildConfiguration;
			buildSettings = {
				BUNDLE_LOADER = "$(TEST_HOST)";
				FRAMEWORK_SEARCH_PATHS = (
					"$(SDKROOT)/Developer/Library/Frameworks",
					"$(inherited)",
				);
				GCC_PREPROCESSOR_DEFINITIONS = (
					"DEBUG=1",
					"$(inherited)",
				);
				INFOPLIST_FILE = "Keepy UppyTests/Info.plist";
				LD_RUNPATH_SEARCH_PATHS = "$(inherited) @executable_path/Frameworks @loader_path/Frameworks";
				PRODUCT_BUNDLE_IDENTIFIER = "Independent.$(PRODUCT_NAME:rfc1034identifier)";
				PRODUCT_NAME = "$(TARGET_NAME)";
				TEST_HOST = "$(BUILT_PRODUCTS_DIR)/Keepy Uppy.app/Keepy Uppy";
			};
			name = Debug;
		};
		6B6897331B98B2CA00C5069E /* Release */ = {
			isa = XCBuildConfiguration;
			buildSettings = {
				BUNDLE_LOADER = "$(TEST_HOST)";
				FRAMEWORK_SEARCH_PATHS = (
					"$(SDKROOT)/Developer/Library/Frameworks",
					"$(inherited)",
				);
				INFOPLIST_FILE = "Keepy UppyTests/Info.plist";
				LD_RUNPATH_SEARCH_PATHS = "$(inherited) @executable_path/Frameworks @loader_path/Frameworks";
				PRODUCT_BUNDLE_IDENTIFIER = "Independent.$(PRODUCT_NAME:rfc1034identifier)";
				PRODUCT_NAME = "$(TARGET_NAME)";
				TEST_HOST = "$(BUILT_PRODUCTS_DIR)/Keepy Uppy.app/Keepy Uppy";
			};
			name = Release;
		};
		6BFB73A81BAC091500FB7AE5 /* Distribution */ = {
			isa = XCBuildConfiguration;
			buildSettings = {
				ALWAYS_SEARCH_USER_PATHS = NO;
				CLANG_CXX_LANGUAGE_STANDARD = "gnu++0x";
				CLANG_CXX_LIBRARY = "libc++";
				CLANG_ENABLE_MODULES = YES;
				CLANG_ENABLE_OBJC_ARC = YES;
				CLANG_WARN_BOOL_CONVERSION = YES;
				CLANG_WARN_CONSTANT_CONVERSION = YES;
				CLANG_WARN_DIRECT_OBJC_ISA_USAGE = YES_ERROR;
				CLANG_WARN_EMPTY_BODY = YES;
				CLANG_WARN_ENUM_CONVERSION = YES;
				CLANG_WARN_INT_CONVERSION = YES;
				CLANG_WARN_OBJC_ROOT_CLASS = YES_ERROR;
				CLANG_WARN_UNREACHABLE_CODE = YES;
				CLANG_WARN__DUPLICATE_METHOD_MATCH = YES;
				CODE_SIGN_IDENTITY = "iPhone Distribution: Matthew Lin (2MALMEWT6X)";
				"CODE_SIGN_IDENTITY[sdk=iphoneos*]" = "iPhone Distribution: Matthew Lin (2MALMEWT6X)";
				COPY_PHASE_STRIP = NO;
				DEBUG_INFORMATION_FORMAT = "dwarf-with-dsym";
				ENABLE_STRICT_OBJC_MSGSEND = YES;
				GCC_C_LANGUAGE_STANDARD = gnu99;
				GCC_DYNAMIC_NO_PIC = NO;
				GCC_NO_COMMON_BLOCKS = YES;
				GCC_OPTIMIZATION_LEVEL = 0;
				GCC_PREPROCESSOR_DEFINITIONS = (
					"DEBUG=1",
					"$(inherited)",
				);
				GCC_SYMBOLS_PRIVATE_EXTERN = NO;
				GCC_WARN_64_TO_32_BIT_CONVERSION = YES;
				GCC_WARN_ABOUT_RETURN_TYPE = YES_ERROR;
				GCC_WARN_UNDECLARED_SELECTOR = YES;
				GCC_WARN_UNINITIALIZED_AUTOS = YES_AGGRESSIVE;
				GCC_WARN_UNUSED_FUNCTION = YES;
				GCC_WARN_UNUSED_VARIABLE = YES;
				IPHONEOS_DEPLOYMENT_TARGET = 8.0;
				MTL_ENABLE_DEBUG_INFO = YES;
				ONLY_ACTIVE_ARCH = YES;
				PROVISIONING_PROFILE = "";
				SDKROOT = iphoneos;
				SWIFT_OPTIMIZATION_LEVEL = "-Onone";
				SWIFT_VERSION = 2.3;
			};
			name = Distribution;
		};
		6BFB73A91BAC091500FB7AE5 /* Distribution */ = {
			isa = XCBuildConfiguration;
			buildSettings = {
				ASSETCATALOG_COMPILER_APPICON_NAME = AppIcon;
				CLANG_ENABLE_MODULES = YES;
				CODE_SIGN_IDENTITY = "iPhone Developer";
				"CODE_SIGN_IDENTITY[sdk=iphoneos*]" = "iPhone Developer";
				INFOPLIST_FILE = "Keepy Uppy/Info.plist";
				IPHONEOS_DEPLOYMENT_TARGET = 8.0;
				LD_RUNPATH_SEARCH_PATHS = "$(inherited) @executable_path/Frameworks";
				PRODUCT_BUNDLE_IDENTIFIER = com.MatthewAllenLinSoftware.KeepyUppy;
				PRODUCT_NAME = "$(TARGET_NAME)";
				PROVISIONING_PROFILE = "";
				SWIFT_OBJC_BRIDGING_HEADER = "Keepy Uppy/Keepy Uppy-Bridging-Header.h";
				SWIFT_OPTIMIZATION_LEVEL = "-Onone";
				SWIFT_VERSION = 2.3;
				TARGETED_DEVICE_FAMILY = "1,2";
			};
			name = Distribution;
		};
		6BFB73AA1BAC091500FB7AE5 /* Distribution */ = {
			isa = XCBuildConfiguration;
			buildSettings = {
				BUNDLE_LOADER = "$(TEST_HOST)";
				FRAMEWORK_SEARCH_PATHS = (
					"$(SDKROOT)/Developer/Library/Frameworks",
					"$(inherited)",
				);
				GCC_PREPROCESSOR_DEFINITIONS = (
					"DEBUG=1",
					"$(inherited)",
				);
				INFOPLIST_FILE = "Keepy UppyTests/Info.plist";
				LD_RUNPATH_SEARCH_PATHS = "$(inherited) @executable_path/Frameworks @loader_path/Frameworks";
				PRODUCT_BUNDLE_IDENTIFIER = "Independent.$(PRODUCT_NAME:rfc1034identifier)";
				PRODUCT_NAME = "$(TARGET_NAME)";
				TEST_HOST = "$(BUILT_PRODUCTS_DIR)/Keepy Uppy.app/Keepy Uppy";
			};
			name = Distribution;
		};
/* End XCBuildConfiguration section */

/* Begin XCConfigurationList section */
		6B6897061B98B2CA00C5069E /* Build configuration list for PBXProject "Keepy Uppy" */ = {
			isa = XCConfigurationList;
			buildConfigurations = (
				6B68972C1B98B2CA00C5069E /* Debug */,
				6BFB73A81BAC091500FB7AE5 /* Distribution */,
				6B68972D1B98B2CA00C5069E /* Release */,
			);
			defaultConfigurationIsVisible = 0;
			defaultConfigurationName = Release;
		};
		6B68972E1B98B2CA00C5069E /* Build configuration list for PBXNativeTarget "Keepy Uppy" */ = {
			isa = XCConfigurationList;
			buildConfigurations = (
				6B68972F1B98B2CA00C5069E /* Debug */,
				6BFB73A91BAC091500FB7AE5 /* Distribution */,
				6B6897301B98B2CA00C5069E /* Release */,
			);
			defaultConfigurationIsVisible = 0;
			defaultConfigurationName = Release;
		};
		6B6897311B98B2CA00C5069E /* Build configuration list for PBXNativeTarget "Keepy UppyTests" */ = {
			isa = XCConfigurationList;
			buildConfigurations = (
				6B6897321B98B2CA00C5069E /* Debug */,
				6BFB73AA1BAC091500FB7AE5 /* Distribution */,
				6B6897331B98B2CA00C5069E /* Release */,
			);
			defaultConfigurationIsVisible = 0;
			defaultConfigurationName = Release;
		};
/* End XCConfigurationList section */
	};
	rootObject = 6B6897031B98B2CA00C5069E /* Project object */;
}
